
Microsoft Visual Studio Solution File, Format Version 12.00
# Visual Studio Version 16
VisualStudioVersion = 16.0.32802.440
MinimumVisualStudioVersion = 10.0.40219.1
Project("{8BC9CEB8-8B4A-11D0-8D11-00A0C91BC942}") = "lab12", "lab12\lab12.vcxproj", "{3ECC0F63-B760-41E6-BC96-2EB4A3C33392}"
EndProject
Project("{8BC9CEB8-8B4A-11D0-8D11-00A0C91BC942}") = "dop1", "dop1\dop1.vcxproj", "{CDDD2F3C-42D3-4053-84DE-C9B8E02F5D5B}"
EndProject
Project("{8BC9CEB8-8B4A-11D0-8D11-00A0C91BC942}") = "dop2", "dop2\dop2.vcxproj", "{5FB06DA3-5719-4B1A-825B-38E70F1CFB34}"
EndProject
Global
	GlobalSection(SolutionConfigurationPlatforms) = preSolution
		Debug|x64 = Debug|x64
		Debug|x86 = Debug|x86
		Release|x64 = Release|x64
		Release|x86 = Release|x86
	EndGlobalSection
	GlobalSection(ProjectConfigurationPlatforms) = postSolution
		{3ECC0F63-B760-41E6-BC96-2EB4A3C33392}.Debug|x64.ActiveCfg = Debug|x64
		{3ECC0F63-B760-41E6-BC96-2EB4A3C33392}.Debug|x64.Build.0 = Debug|x64
		{3ECC0F63-B760-41E6-BC96-2EB4A3C33392}.Debug|x86.ActiveCfg = Debug|Win32
		{3ECC0F63-B760-41E6-BC96-2EB4A3C33392}.Debug|x86.Build.0 = Debug|Win32
		{3ECC0F63-B760-41E6-BC96-2EB4A3C33392}.Release|x64.ActiveCfg = Release|x64
		{3ECC0F63-B760-41E6-BC96-2EB4A3C33392}.Release|x64.Build.0 = Release|x64
		{3ECC0F63-B760-41E6-BC96-2EB4A3C33392}.Release|x86.ActiveCfg = Release|Win32
		{3ECC0F63-B760-41E6-BC96-2EB4A3C33392}.Release|x86.Build.0 = Release|Win32
		{CDDD2F3C-42D3-4053-84DE-C9B8E02F5D5B}.Debug|x64.ActiveCfg = Debug|x64
		{CDDD2F3C-42D3-4053-84DE-C9B8E02F5D5B}.Debug|x64.Build.0 = Debug|x64
		{CDDD2F3C-42D3-4053-84DE-C9B8E02F5D5B}.Debug|x86.ActiveCfg = Debug|Win32
		{CDDD2F3C-42D3-4053-84DE-C9B8E02F5D5B}.Debug|x86.Build.0 = Debug|Win32
		{CDDD2F3C-42D3-4053-84DE-C9B8E02F5D5B}.Release|x64.ActiveCfg = Release|x64
		{CDDD2F3C-42D3-4053-84DE-C9B8E02F5D5B}.Release|x64.Build.0 = Release|x64
		{CDDD2F3C-42D3-4053-84DE-C9B8E02F5D5B}.Release|x86.ActiveCfg = Release|Win32
		{CDDD2F3C-42D3-4053-84DE-C9B8E02F5D5B}.Release|x86.Build.0 = Release|Win32
		{5FB06DA3-5719-4B1A-825B-38E70F1CFB34}.Debug|x64.ActiveCfg = Debug|x64
		{5FB06DA3-5719-4B1A-825B-38E70F1CFB34}.Debug|x64.Build.0 = Debug|x64
		{5FB06DA3-5719-4B1A-825B-38E70F1CFB34}.Debug|x86.ActiveCfg = Debug|Win32
		{5FB06DA3-5719-4B1A-825B-38E70F1CFB34}.Debug|x86.Build.0 = Debug|Win32
		{5FB06DA3-5719-4B1A-825B-38E70F1CFB34}.Release|x64.ActiveCfg = Release|x64
		{5FB06DA3-5719-4B1A-825B-38E70F1CFB34}.Release|x64.Build.0 = Release|x64
		{5FB06DA3-5719-4B1A-825B-38E70F1CFB34}.Release|x86.ActiveCfg = Release|Win32
		{5FB06DA3-5719-4B1A-825B-38E70F1CFB34}.Release|x86.Build.0 = Release|Win32
	EndGlobalSection
	GlobalSection(SolutionProperties) = preSolution
		HideSolutionNode = FALSE
	EndGlobalSection
	GlobalSection(ExtensibilityGlobals) = postSolution
		SolutionGuid = {732426E5-C34D-4BB6-AF64-76EF98A292AD}
	EndGlobalSection
EndGlobal
