
Microsoft Visual Studio Solution File, Format Version 12.00
# Visual Studio Version 16
VisualStudioVersion = 16.0.32802.440
MinimumVisualStudioVersion = 10.0.40219.1
Project("{8BC9CEB8-8B4A-11D0-8D11-00A0C91BC942}") = "Лаб 5", "Лаб 5\Лаб 5.vcxproj", "{8248AB5B-AC76-446F-BA7D-342837E8806F}"
EndProject
Global
	GlobalSection(SolutionConfigurationPlatforms) = preSolution
		Debug|x64 = Debug|x64
		Debug|x86 = Debug|x86
		Release|x64 = Release|x64
		Release|x86 = Release|x86
	EndGlobalSection
	GlobalSection(ProjectConfigurationPlatforms) = postSolution
		{8248AB5B-AC76-446F-BA7D-342837E8806F}.Debug|x64.ActiveCfg = Debug|x64
		{8248AB5B-AC76-446F-BA7D-342837E8806F}.Debug|x64.Build.0 = Debug|x64
		{8248AB5B-AC76-446F-BA7D-342837E8806F}.Debug|x86.ActiveCfg = Debug|Win32
		{8248AB5B-AC76-446F-BA7D-342837E8806F}.Debug|x86.Build.0 = Debug|Win32
		{8248AB5B-AC76-446F-BA7D-342837E8806F}.Release|x64.ActiveCfg = Release|x64
		{8248AB5B-AC76-446F-BA7D-342837E8806F}.Release|x64.Build.0 = Release|x64
		{8248AB5B-AC76-446F-BA7D-342837E8806F}.Release|x86.ActiveCfg = Release|Win32
		{8248AB5B-AC76-446F-BA7D-342837E8806F}.Release|x86.Build.0 = Release|Win32
	EndGlobalSection
	GlobalSection(SolutionProperties) = preSolution
		HideSolutionNode = FALSE
	EndGlobalSection
	GlobalSection(ExtensibilityGlobals) = postSolution
		SolutionGuid = {59C61490-24E8-460B-9E83-69A8F1AED397}
	EndGlobalSection
EndGlobal
